
Microsoft Visual Studio Solution File, Format Version 12.00
# Visual Studio 2012
Project("{FAE04EC0-301F-11D3-BF4B-00C04F79EFBC}") = "GitHub.Cache.WebApi", "GitHub.Cache.WebApi\GitHub.Cache.WebApi.csproj", "{B7C5F0D1-5A48-4F43-97F1-11571A2D01E3}"
EndProject
Project("{2150E333-8FDC-42A3-9474-1A3956D46DE8}") = "Documents", "Documents", "{1AB28C75-8938-4F1D-AED1-27BA67697A9C}"
EndProject
Project("{2150E333-8FDC-42A3-9474-1A3956D46DE8}") = "Properties", "Properties", "{2F554C84-8002-4E76-8DBA-FC0CB2E7383A}"
	ProjectSection(SolutionItems) = preProject
		..\Documents\Properties\SharedAssemblyInfo.cs = ..\Documents\Properties\SharedAssemblyInfo.cs
	EndProjectSection
EndProject
Global
	GlobalSection(SolutionConfigurationPlatforms) = preSolution
		Debug|Any CPU = Debug|Any CPU
		Release|Any CPU = Release|Any CPU
	EndGlobalSection
	GlobalSection(ProjectConfigurationPlatforms) = postSolution
		{B7C5F0D1-5A48-4F43-97F1-11571A2D01E3}.Debug|Any CPU.ActiveCfg = Debug|Any CPU
		{B7C5F0D1-5A48-4F43-97F1-11571A2D01E3}.Debug|Any CPU.Build.0 = Debug|Any CPU
		{B7C5F0D1-5A48-4F43-97F1-11571A2D01E3}.Release|Any CPU.ActiveCfg = Release|Any CPU
		{B7C5F0D1-5A48-4F43-97F1-11571A2D01E3}.Release|Any CPU.Build.0 = Release|Any CPU
	EndGlobalSection
	GlobalSection(SolutionProperties) = preSolution
		HideSolutionNode = FALSE
	EndGlobalSection
	GlobalSection(NestedProjects) = preSolution
		{2F554C84-8002-4E76-8DBA-FC0CB2E7383A} = {1AB28C75-8938-4F1D-AED1-27BA67697A9C}
	EndGlobalSection
EndGlobal
